
Microsoft Visual Studio Solution File, Format Version 12.00
# Visual Studio Version 17
VisualStudioVersion = 17.14.36429.23
MinimumVisualStudioVersion = 10.0.40219.1
Project("{2150E333-8FDC-42A3-9474-1A3956D46DE8}") = "Task0", "Task0", "{02EA681E-C7D8-13C7-8484-4AC65E1B71E8}"
EndProject
Project("{FAE04EC0-301F-11D3-BF4B-00C04F79EFBC}") = "Tyuiu.KapranovSV.Sprint0.Task0.V0", "Tyuiu.KapranovSV.Sprint0.Task0.V0\Tyuiu.KapranovSV.Sprint0.Task0.V0.csproj", "{DE120C98-6A83-4388-A7E5-561542034918}"
EndProject
Project("{2150E333-8FDC-42A3-9474-1A3956D46DE8}") = "Task1", "Task1", "{B3497BAA-7F61-4718-9D93-457949DFFCFE}"
EndProject
Project("{FAE04EC0-301F-11D3-BF4B-00C04F79EFBC}") = "Tyuiu.KapranovSV.Sprint0.Task1.V0", "Tyuiu.KapranovSV.Sprint0.Task1.V0\Tyuiu.KapranovSV.Sprint0.Task1.V0.csproj", "{01D9B3C5-66F4-408C-91A8-093618406E52}"
EndProject
Project("{2150E333-8FDC-42A3-9474-1A3956D46DE8}") = "Task2", "Task2", "{3AA6BA41-AFED-4D22-9455-6B712F0A44B5}"
EndProject
Project("{FAE04EC0-301F-11D3-BF4B-00C04F79EFBC}") = "Tyuiu.KapranovSV.Sprint0.Task2.V0", "Tyuiu.KapranovSV.Sprint0.Task2.V0\Tyuiu.KapranovSV.Sprint0.Task2.V0.csproj", "{4E23EE64-0C84-4937-85E1-3CE7C97E63C2}"
EndProject
Project("{FAE04EC0-301F-11D3-BF4B-00C04F79EFBC}") = "Tyuiu.KapranovSV.Sprint0.Task2.V0.Lib", "Tyuiu.KapranovSV.Sprint0.Task2.V0.Lib\Tyuiu.KapranovSV.Sprint0.Task2.V0.Lib.csproj", "{4B8B9488-47AC-4B90-BF32-70EE27C02A0D}"
EndProject
Project("{FAE04EC0-301F-11D3-BF4B-00C04F79EFBC}") = "Tyuiu.KapranovSV.Sprint0.Task2.V0.Test", "Tyuiu.KapranovSV.Sprint0.Task2.V0.Test\Tyuiu.KapranovSV.Sprint0.Task2.V0.Test.csproj", "{0C4C3D80-AA56-4F57-8608-45CC0831F63D}"
EndProject
Project("{2150E333-8FDC-42A3-9474-1A3956D46DE8}") = "Task3", "Task3", "{31801D17-F859-4138-9D69-E851A0CDE6A8}"
EndProject
Project("{FAE04EC0-301F-11D3-BF4B-00C04F79EFBC}") = "Tyuiu.KapranovSV.Sprint0.Task3.V0", "Tyuiu.KapranovSV.Sprint0.Task3.V0\Tyuiu.KapranovSV.Sprint0.Task3.V0.csproj", "{52D53967-C8EE-4EC1-9322-4A13EF545397}"
EndProject
Project("{FAE04EC0-301F-11D3-BF4B-00C04F79EFBC}") = "Tyuiu.KapranovSV.Sprint0.Task3.V0.Lib", "Tyuiu.KapranovSV.Sprint0.Task3.V0.Lib\Tyuiu.KapranovSV.Sprint0.Task3.V0.Lib.csproj", "{02C5876E-3769-4FC7-BF9E-3CDDFB2294E2}"
EndProject
Project("{FAE04EC0-301F-11D3-BF4B-00C04F79EFBC}") = "Tyuiu.KapranovSV.Sprint0.Task3.V0.Test", "Tyuiu.KapranovSV.Sprint0.Task3.V0.Test\Tyuiu.KapranovSV.Sprint0.Task3.V0.Test.csproj", "{742D669E-A1A9-423E-A1A8-529F935C081C}"
EndProject
Project("{FAE04EC0-301F-11D3-BF4B-00C04F79EFBC}") = "Tyuiu.KapranovSV.Sprint0.Task4.V0", "Tyuiu.KapranovSV.Sprint0.Task4.V0\Tyuiu.KapranovSV.Sprint0.Task4.V0.csproj", "{0655B7C4-4C7F-4F25-8A05-E18F1C13C061}"
EndProject
Project("{2150E333-8FDC-42A3-9474-1A3956D46DE8}") = "Task4", "Task4", "{235B4B8F-562C-4739-B8A7-5E3A0BF832FB}"
EndProject
Project("{FAE04EC0-301F-11D3-BF4B-00C04F79EFBC}") = "Tyuiu.KapranovSV.Sprint0.Task4.V0.Lib", "Tyuiu.KapranovSV.Sprint0.Task4.V0.Lib\Tyuiu.KapranovSV.Sprint0.Task4.V0.Lib.csproj", "{433C1773-4B38-49D7-B8D0-2C852CEC2AD5}"
EndProject
Project("{FAE04EC0-301F-11D3-BF4B-00C04F79EFBC}") = "Tyuiu.KapranovSV.Sprint0.Task4.V0.Test", "Tyuiu.KapranovSV.Sprint0.Task4.V0.Test\Tyuiu.KapranovSV.Sprint0.Task4.V0.Test.csproj", "{041216EC-1C96-4037-9F27-AB686F9EBEB2}"
EndProject
Project("{2150E333-8FDC-42A3-9474-1A3956D46DE8}") = "Task5", "Task5", "{1A1CD318-E601-4CFA-BDB0-DA0F4B49D9E1}"
EndProject
Project("{FAE04EC0-301F-11D3-BF4B-00C04F79EFBC}") = "Tyuiu.KapranovSV.Sprint0.Task5.V0", "Tyuiu.KapranovSV.Sprint0.Task5.V0\Tyuiu.KapranovSV.Sprint0.Task5.V0.csproj", "{73ED857D-2CBC-4191-9727-7D0B9AC8989F}"
EndProject
Project("{FAE04EC0-301F-11D3-BF4B-00C04F79EFBC}") = "Tyuiu.KapranovSV.Sprint0.Task5.V0.Lib", "Tyuiu.KapranovSV.Sprint0.Task5.V0.Lib\Tyuiu.KapranovSV.Sprint0.Task5.V0.Lib.csproj", "{A282E484-1EA1-4A8F-A7C8-0143B1AA84D9}"
EndProject
Project("{FAE04EC0-301F-11D3-BF4B-00C04F79EFBC}") = "Tyuiu.KapranovSV.Sprint0.Task5.V0.Test", "Tyuiu.KapranovSV.Sprint0.Task5.V0.Test\Tyuiu.KapranovSV.Sprint0.Task5.V0.Test.csproj", "{5DF29C60-98EB-41C8-A2DA-FEC65E1B4EEB}"
EndProject
Project("{2150E333-8FDC-42A3-9474-1A3956D46DE8}") = "Task6", "Task6", "{6EA4B257-D536-425E-89A5-47BD04BF7073}"
EndProject
Project("{FAE04EC0-301F-11D3-BF4B-00C04F79EFBC}") = "Tyuiu.KapranovSV.Sprint0.Task6.V0", "Tyuiu.KapranovSV.Sprint0.Task6.V0\Tyuiu.KapranovSV.Sprint0.Task6.V0.csproj", "{515271E8-6BCF-4BB8-AFD0-73421AB9F584}"
EndProject
Project("{FAE04EC0-301F-11D3-BF4B-00C04F79EFBC}") = "Tyuiu.KapranovSV.Sprint0.Task6.V0.Lib", "Tyuiu.KapranovSV.Sprint0.Task6.V0.Lib\Tyuiu.KapranovSV.Sprint0.Task6.V0.Lib.csproj", "{5899ADFF-C41F-4452-91B7-817CBD74F29E}"
EndProject
Project("{FAE04EC0-301F-11D3-BF4B-00C04F79EFBC}") = "Tyuiu.KapranovSV.Sprint0.Task6.V0.Test", "Tyuiu.KapranovSV.Sprint0.Task6.V0.Test\Tyuiu.KapranovSV.Sprint0.Task6.V0.Test.csproj", "{164EE14E-E210-4F11-8413-4EED2BB38B9C}"
EndProject
Global
	GlobalSection(SolutionConfigurationPlatforms) = preSolution
		Debug|Any CPU = Debug|Any CPU
		Release|Any CPU = Release|Any CPU
	EndGlobalSection
	GlobalSection(ProjectConfigurationPlatforms) = postSolution
		{DE120C98-6A83-4388-A7E5-561542034918}.Debug|Any CPU.ActiveCfg = Debug|Any CPU
		{DE120C98-6A83-4388-A7E5-561542034918}.Debug|Any CPU.Build.0 = Debug|Any CPU
		{DE120C98-6A83-4388-A7E5-561542034918}.Release|Any CPU.ActiveCfg = Release|Any CPU
		{DE120C98-6A83-4388-A7E5-561542034918}.Release|Any CPU.Build.0 = Release|Any CPU
		{01D9B3C5-66F4-408C-91A8-093618406E52}.Debug|Any CPU.ActiveCfg = Debug|Any CPU
		{01D9B3C5-66F4-408C-91A8-093618406E52}.Debug|Any CPU.Build.0 = Debug|Any CPU
		{01D9B3C5-66F4-408C-91A8-093618406E52}.Release|Any CPU.ActiveCfg = Release|Any CPU
		{01D9B3C5-66F4-408C-91A8-093618406E52}.Release|Any CPU.Build.0 = Release|Any CPU
		{4E23EE64-0C84-4937-85E1-3CE7C97E63C2}.Debug|Any CPU.ActiveCfg = Debug|Any CPU
		{4E23EE64-0C84-4937-85E1-3CE7C97E63C2}.Debug|Any CPU.Build.0 = Debug|Any CPU
		{4E23EE64-0C84-4937-85E1-3CE7C97E63C2}.Release|Any CPU.ActiveCfg = Release|Any CPU
		{4E23EE64-0C84-4937-85E1-3CE7C97E63C2}.Release|Any CPU.Build.0 = Release|Any CPU
		{4B8B9488-47AC-4B90-BF32-70EE27C02A0D}.Debug|Any CPU.ActiveCfg = Debug|Any CPU
		{4B8B9488-47AC-4B90-BF32-70EE27C02A0D}.Debug|Any CPU.Build.0 = Debug|Any CPU
		{4B8B9488-47AC-4B90-BF32-70EE27C02A0D}.Release|Any CPU.ActiveCfg = Release|Any CPU
		{4B8B9488-47AC-4B90-BF32-70EE27C02A0D}.Release|Any CPU.Build.0 = Release|Any CPU
		{0C4C3D80-AA56-4F57-8608-45CC0831F63D}.Debug|Any CPU.ActiveCfg = Debug|Any CPU
		{0C4C3D80-AA56-4F57-8608-45CC0831F63D}.Debug|Any CPU.Build.0 = Debug|Any CPU
		{0C4C3D80-AA56-4F57-8608-45CC0831F63D}.Release|Any CPU.ActiveCfg = Release|Any CPU
		{0C4C3D80-AA56-4F57-8608-45CC0831F63D}.Release|Any CPU.Build.0 = Release|Any CPU
		{52D53967-C8EE-4EC1-9322-4A13EF545397}.Debug|Any CPU.ActiveCfg = Debug|Any CPU
		{52D53967-C8EE-4EC1-9322-4A13EF545397}.Debug|Any CPU.Build.0 = Debug|Any CPU
		{52D53967-C8EE-4EC1-9322-4A13EF545397}.Release|Any CPU.ActiveCfg = Release|Any CPU
		{52D53967-C8EE-4EC1-9322-4A13EF545397}.Release|Any CPU.Build.0 = Release|Any CPU
		{02C5876E-3769-4FC7-BF9E-3CDDFB2294E2}.Debug|Any CPU.ActiveCfg = Debug|Any CPU
		{02C5876E-3769-4FC7-BF9E-3CDDFB2294E2}.Debug|Any CPU.Build.0 = Debug|Any CPU
		{02C5876E-3769-4FC7-BF9E-3CDDFB2294E2}.Release|Any CPU.ActiveCfg = Release|Any CPU
		{02C5876E-3769-4FC7-BF9E-3CDDFB2294E2}.Release|Any CPU.Build.0 = Release|Any CPU
		{742D669E-A1A9-423E-A1A8-529F935C081C}.Debug|Any CPU.ActiveCfg = Debug|Any CPU
		{742D669E-A1A9-423E-A1A8-529F935C081C}.Debug|Any CPU.Build.0 = Debug|Any CPU
		{742D669E-A1A9-423E-A1A8-529F935C081C}.Release|Any CPU.ActiveCfg = Release|Any CPU
		{742D669E-A1A9-423E-A1A8-529F935C081C}.Release|Any CPU.Build.0 = Release|Any CPU
		{0655B7C4-4C7F-4F25-8A05-E18F1C13C061}.Debug|Any CPU.ActiveCfg = Debug|Any CPU
		{0655B7C4-4C7F-4F25-8A05-E18F1C13C061}.Debug|Any CPU.Build.0 = Debug|Any CPU
		{0655B7C4-4C7F-4F25-8A05-E18F1C13C061}.Release|Any CPU.ActiveCfg = Release|Any CPU
		{0655B7C4-4C7F-4F25-8A05-E18F1C13C061}.Release|Any CPU.Build.0 = Release|Any CPU
		{433C1773-4B38-49D7-B8D0-2C852CEC2AD5}.Debug|Any CPU.ActiveCfg = Debug|Any CPU
		{433C1773-4B38-49D7-B8D0-2C852CEC2AD5}.Debug|Any CPU.Build.0 = Debug|Any CPU
		{433C1773-4B38-49D7-B8D0-2C852CEC2AD5}.Release|Any CPU.ActiveCfg = Release|Any CPU
		{433C1773-4B38-49D7-B8D0-2C852CEC2AD5}.Release|Any CPU.Build.0 = Release|Any CPU
		{041216EC-1C96-4037-9F27-AB686F9EBEB2}.Debug|Any CPU.ActiveCfg = Debug|Any CPU
		{041216EC-1C96-4037-9F27-AB686F9EBEB2}.Debug|Any CPU.Build.0 = Debug|Any CPU
		{041216EC-1C96-4037-9F27-AB686F9EBEB2}.Release|Any CPU.ActiveCfg = Release|Any CPU
		{041216EC-1C96-4037-9F27-AB686F9EBEB2}.Release|Any CPU.Build.0 = Release|Any CPU
		{73ED857D-2CBC-4191-9727-7D0B9AC8989F}.Debug|Any CPU.ActiveCfg = Debug|Any CPU
		{73ED857D-2CBC-4191-9727-7D0B9AC8989F}.Debug|Any CPU.Build.0 = Debug|Any CPU
		{73ED857D-2CBC-4191-9727-7D0B9AC8989F}.Release|Any CPU.ActiveCfg = Release|Any CPU
		{73ED857D-2CBC-4191-9727-7D0B9AC8989F}.Release|Any CPU.Build.0 = Release|Any CPU
		{A282E484-1EA1-4A8F-A7C8-0143B1AA84D9}.Debug|Any CPU.ActiveCfg = Debug|Any CPU
		{A282E484-1EA1-4A8F-A7C8-0143B1AA84D9}.Debug|Any CPU.Build.0 = Debug|Any CPU
		{A282E484-1EA1-4A8F-A7C8-0143B1AA84D9}.Release|Any CPU.ActiveCfg = Release|Any CPU
		{A282E484-1EA1-4A8F-A7C8-0143B1AA84D9}.Release|Any CPU.Build.0 = Release|Any CPU
		{5DF29C60-98EB-41C8-A2DA-FEC65E1B4EEB}.Debug|Any CPU.ActiveCfg = Debug|Any CPU
		{5DF29C60-98EB-41C8-A2DA-FEC65E1B4EEB}.Debug|Any CPU.Build.0 = Debug|Any CPU
		{5DF29C60-98EB-41C8-A2DA-FEC65E1B4EEB}.Release|Any CPU.ActiveCfg = Release|Any CPU
		{5DF29C60-98EB-41C8-A2DA-FEC65E1B4EEB}.Release|Any CPU.Build.0 = Release|Any CPU
		{515271E8-6BCF-4BB8-AFD0-73421AB9F584}.Debug|Any CPU.ActiveCfg = Debug|Any CPU
		{515271E8-6BCF-4BB8-AFD0-73421AB9F584}.Debug|Any CPU.Build.0 = Debug|Any CPU
		{515271E8-6BCF-4BB8-AFD0-73421AB9F584}.Release|Any CPU.ActiveCfg = Release|Any CPU
		{515271E8-6BCF-4BB8-AFD0-73421AB9F584}.Release|Any CPU.Build.0 = Release|Any CPU
		{5899ADFF-C41F-4452-91B7-817CBD74F29E}.Debug|Any CPU.ActiveCfg = Debug|Any CPU
		{5899ADFF-C41F-4452-91B7-817CBD74F29E}.Debug|Any CPU.Build.0 = Debug|Any CPU
		{5899ADFF-C41F-4452-91B7-817CBD74F29E}.Release|Any CPU.ActiveCfg = Release|Any CPU
		{5899ADFF-C41F-4452-91B7-817CBD74F29E}.Release|Any CPU.Build.0 = Release|Any CPU
		{164EE14E-E210-4F11-8413-4EED2BB38B9C}.Debug|Any CPU.ActiveCfg = Debug|Any CPU
		{164EE14E-E210-4F11-8413-4EED2BB38B9C}.Debug|Any CPU.Build.0 = Debug|Any CPU
		{164EE14E-E210-4F11-8413-4EED2BB38B9C}.Release|Any CPU.ActiveCfg = Release|Any CPU
		{164EE14E-E210-4F11-8413-4EED2BB38B9C}.Release|Any CPU.Build.0 = Release|Any CPU
	EndGlobalSection
	GlobalSection(SolutionProperties) = preSolution
		HideSolutionNode = FALSE
	EndGlobalSection
	GlobalSection(NestedProjects) = preSolution
		{DE120C98-6A83-4388-A7E5-561542034918} = {02EA681E-C7D8-13C7-8484-4AC65E1B71E8}
		{01D9B3C5-66F4-408C-91A8-093618406E52} = {B3497BAA-7F61-4718-9D93-457949DFFCFE}
		{4E23EE64-0C84-4937-85E1-3CE7C97E63C2} = {3AA6BA41-AFED-4D22-9455-6B712F0A44B5}
		{4B8B9488-47AC-4B90-BF32-70EE27C02A0D} = {3AA6BA41-AFED-4D22-9455-6B712F0A44B5}
		{0C4C3D80-AA56-4F57-8608-45CC0831F63D} = {3AA6BA41-AFED-4D22-9455-6B712F0A44B5}
		{52D53967-C8EE-4EC1-9322-4A13EF545397} = {31801D17-F859-4138-9D69-E851A0CDE6A8}
		{02C5876E-3769-4FC7-BF9E-3CDDFB2294E2} = {31801D17-F859-4138-9D69-E851A0CDE6A8}
		{742D669E-A1A9-423E-A1A8-529F935C081C} = {31801D17-F859-4138-9D69-E851A0CDE6A8}
		{0655B7C4-4C7F-4F25-8A05-E18F1C13C061} = {235B4B8F-562C-4739-B8A7-5E3A0BF832FB}
		{433C1773-4B38-49D7-B8D0-2C852CEC2AD5} = {235B4B8F-562C-4739-B8A7-5E3A0BF832FB}
		{041216EC-1C96-4037-9F27-AB686F9EBEB2} = {235B4B8F-562C-4739-B8A7-5E3A0BF832FB}
		{73ED857D-2CBC-4191-9727-7D0B9AC8989F} = {1A1CD318-E601-4CFA-BDB0-DA0F4B49D9E1}
		{A282E484-1EA1-4A8F-A7C8-0143B1AA84D9} = {1A1CD318-E601-4CFA-BDB0-DA0F4B49D9E1}
		{5DF29C60-98EB-41C8-A2DA-FEC65E1B4EEB} = {1A1CD318-E601-4CFA-BDB0-DA0F4B49D9E1}
		{515271E8-6BCF-4BB8-AFD0-73421AB9F584} = {6EA4B257-D536-425E-89A5-47BD04BF7073}
		{5899ADFF-C41F-4452-91B7-817CBD74F29E} = {6EA4B257-D536-425E-89A5-47BD04BF7073}
		{164EE14E-E210-4F11-8413-4EED2BB38B9C} = {6EA4B257-D536-425E-89A5-47BD04BF7073}
	EndGlobalSection
	GlobalSection(ExtensibilityGlobals) = postSolution
		SolutionGuid = {E7EE2EB6-6957-4709-84E7-42EDCD3E2FA0}
	EndGlobalSection
EndGlobal
